// !$*UTF8*$!
{
	archiveVersion = 1;
	classes = {
	};
	objectVersion = 55;
	objects = {

/* Begin PBXBuildFile section */
		4875CCA9293EAF4400A6FEDC /* PopularDestinationsView.swift in Sources */ = {isa = PBXBuildFile; fileRef = 4875CCA8293EAF4300A6FEDC /* PopularDestinationsView.swift */; };
		4875CCAB293EAF9400A6FEDC /* PopularRestaurantsView.swift in Sources */ = {isa = PBXBuildFile; fileRef = 4875CCAA293EAF9400A6FEDC /* PopularRestaurantsView.swift */; };
		4875CCAD293EAFD100A6FEDC /* TrendingCreatorsView.swift in Sources */ = {isa = PBXBuildFile; fileRef = 4875CCAC293EAFD100A6FEDC /* TrendingCreatorsView.swift */; };
		4875CCAF293EB16200A6FEDC /* DiscoverCategoriesView.swift in Sources */ = {isa = PBXBuildFile; fileRef = 4875CCAE293EB16200A6FEDC /* DiscoverCategoriesView.swift */; };
		4875CCB2293EB24700A6FEDC /* Destination.swift in Sources */ = {isa = PBXBuildFile; fileRef = 4875CCB1293EB24700A6FEDC /* Destination.swift */; };
		4875CCB4293EB25D00A6FEDC /* Restaurant.swift in Sources */ = {isa = PBXBuildFile; fileRef = 4875CCB3293EB25D00A6FEDC /* Restaurant.swift */; };
		4875CCB6293EB27500A6FEDC /* User.swift in Sources */ = {isa = PBXBuildFile; fileRef = 4875CCB5293EB27500A6FEDC /* User.swift */; };
		4875CCB8293EB29E00A6FEDC /* Category.swift in Sources */ = {isa = PBXBuildFile; fileRef = 4875CCB7293EB29E00A6FEDC /* Category.swift */; };
		4875CCBB293EBA2D00A6FEDC /* TileModifier.swift in Sources */ = {isa = PBXBuildFile; fileRef = 4875CCBA293EBA2D00A6FEDC /* TileModifier.swift */; };
		4895AC2E293C1C98002E874C /* TravelDiscoveryApp.swift in Sources */ = {isa = PBXBuildFile; fileRef = 4895AC2D293C1C98002E874C /* TravelDiscoveryApp.swift */; };
		4895AC30293C1C98002E874C /* DiscoverView.swift in Sources */ = {isa = PBXBuildFile; fileRef = 4895AC2F293C1C98002E874C /* DiscoverView.swift */; };
		4895AC32293C1C9B002E874C /* Assets.xcassets in Resources */ = {isa = PBXBuildFile; fileRef = 4895AC31293C1C9B002E874C /* Assets.xcassets */; };
		4895AC35293C1C9B002E874C /* Preview Assets.xcassets in Resources */ = {isa = PBXBuildFile; fileRef = 4895AC34293C1C9B002E874C /* Preview Assets.xcassets */; };
		4895AC3F293C1C9B002E874C /* TravelDiscoveryTests.swift in Sources */ = {isa = PBXBuildFile; fileRef = 4895AC3E293C1C9B002E874C /* TravelDiscoveryTests.swift */; };
		4895AC49293C1C9B002E874C /* TravelDiscoveryUITests.swift in Sources */ = {isa = PBXBuildFile; fileRef = 4895AC48293C1C9B002E874C /* TravelDiscoveryUITests.swift */; };
		4895AC4B293C1C9B002E874C /* TravelDiscoveryUITestsLaunchTests.swift in Sources */ = {isa = PBXBuildFile; fileRef = 4895AC4A293C1C9B002E874C /* TravelDiscoveryUITestsLaunchTests.swift */; };
/* End PBXBuildFile section */

/* Begin PBXContainerItemProxy section */
		4895AC3B293C1C9B002E874C /* PBXContainerItemProxy */ = {
			isa = PBXContainerItemProxy;
			containerPortal = 4895AC22293C1C98002E874C /* Project object */;
			proxyType = 1;
			remoteGlobalIDString = 4895AC29293C1C98002E874C;
			remoteInfo = TravelDiscovery;
		};
		4895AC45293C1C9B002E874C /* PBXContainerItemProxy */ = {
			isa = PBXContainerItemProxy;
			containerPortal = 4895AC22293C1C98002E874C /* Project object */;
			proxyType = 1;
			remoteGlobalIDString = 4895AC29293C1C98002E874C;
			remoteInfo = TravelDiscovery;
		};
/* End PBXContainerItemProxy section */

/* Begin PBXFileReference section */
		4875CCA8293EAF4300A6FEDC /* PopularDestinationsView.swift */ = {isa = PBXFileReference; lastKnownFileType = sourcecode.swift; path = PopularDestinationsView.swift; sourceTree = "<group>"; };
		4875CCAA293EAF9400A6FEDC /* PopularRestaurantsView.swift */ = {isa = PBXFileReference; lastKnownFileType = sourcecode.swift; path = PopularRestaurantsView.swift; sourceTree = "<group>"; };
		4875CCAC293EAFD100A6FEDC /* TrendingCreatorsView.swift */ = {isa = PBXFileReference; lastKnownFileType = sourcecode.swift; path = TrendingCreatorsView.swift; sourceTree = "<group>"; };
		4875CCAE293EB16200A6FEDC /* DiscoverCategoriesView.swift */ = {isa = PBXFileReference; lastKnownFileType = sourcecode.swift; path = DiscoverCategoriesView.swift; sourceTree = "<group>"; };
		4875CCB1293EB24700A6FEDC /* Destination.swift */ = {isa = PBXFileReference; lastKnownFileType = sourcecode.swift; path = Destination.swift; sourceTree = "<group>"; };
		4875CCB3293EB25D00A6FEDC /* Restaurant.swift */ = {isa = PBXFileReference; lastKnownFileType = sourcecode.swift; path = Restaurant.swift; sourceTree = "<group>"; };
		4875CCB5293EB27500A6FEDC /* User.swift */ = {isa = PBXFileReference; lastKnownFileType = sourcecode.swift; path = User.swift; sourceTree = "<group>"; };
		4875CCB7293EB29E00A6FEDC /* Category.swift */ = {isa = PBXFileReference; lastKnownFileType = sourcecode.swift; path = Category.swift; sourceTree = "<group>"; };
		4875CCBA293EBA2D00A6FEDC /* TileModifier.swift */ = {isa = PBXFileReference; lastKnownFileType = sourcecode.swift; path = TileModifier.swift; sourceTree = "<group>"; };
		4895AC2A293C1C98002E874C /* TravelDiscovery.app */ = {isa = PBXFileReference; explicitFileType = wrapper.application; includeInIndex = 0; path = TravelDiscovery.app; sourceTree = BUILT_PRODUCTS_DIR; };
		4895AC2D293C1C98002E874C /* TravelDiscoveryApp.swift */ = {isa = PBXFileReference; lastKnownFileType = sourcecode.swift; path = TravelDiscoveryApp.swift; sourceTree = "<group>"; };
		4895AC2F293C1C98002E874C /* DiscoverView.swift */ = {isa = PBXFileReference; lastKnownFileType = sourcecode.swift; path = DiscoverView.swift; sourceTree = "<group>"; };
		4895AC31293C1C9B002E874C /* Assets.xcassets */ = {isa = PBXFileReference; lastKnownFileType = folder.assetcatalog; path = Assets.xcassets; sourceTree = "<group>"; };
		4895AC34293C1C9B002E874C /* Preview Assets.xcassets */ = {isa = PBXFileReference; lastKnownFileType = folder.assetcatalog; path = "Preview Assets.xcassets"; sourceTree = "<group>"; };
		4895AC3A293C1C9B002E874C /* TravelDiscoveryTests.xctest */ = {isa = PBXFileReference; explicitFileType = wrapper.cfbundle; includeInIndex = 0; path = TravelDiscoveryTests.xctest; sourceTree = BUILT_PRODUCTS_DIR; };
		4895AC3E293C1C9B002E874C /* TravelDiscoveryTests.swift */ = {isa = PBXFileReference; lastKnownFileType = sourcecode.swift; path = TravelDiscoveryTests.swift; sourceTree = "<group>"; };
		4895AC44293C1C9B002E874C /* TravelDiscoveryUITests.xctest */ = {isa = PBXFileReference; explicitFileType = wrapper.cfbundle; includeInIndex = 0; path = TravelDiscoveryUITests.xctest; sourceTree = BUILT_PRODUCTS_DIR; };
		4895AC48293C1C9B002E874C /* TravelDiscoveryUITests.swift */ = {isa = PBXFileReference; lastKnownFileType = sourcecode.swift; path = TravelDiscoveryUITests.swift; sourceTree = "<group>"; };
		4895AC4A293C1C9B002E874C /* TravelDiscoveryUITestsLaunchTests.swift */ = {isa = PBXFileReference; lastKnownFileType = sourcecode.swift; path = TravelDiscoveryUITestsLaunchTests.swift; sourceTree = "<group>"; };
/* End PBXFileReference section */

/* Begin PBXFrameworksBuildPhase section */
		4895AC27293C1C98002E874C /* Frameworks */ = {
			isa = PBXFrameworksBuildPhase;
			buildActionMask = 2147483647;
			files = (
			);
			runOnlyForDeploymentPostprocessing = 0;
		};
		4895AC37293C1C9B002E874C /* Frameworks */ = {
			isa = PBXFrameworksBuildPhase;
			buildActionMask = 2147483647;
			files = (
			);
			runOnlyForDeploymentPostprocessing = 0;
		};
		4895AC41293C1C9B002E874C /* Frameworks */ = {
			isa = PBXFrameworksBuildPhase;
			buildActionMask = 2147483647;
			files = (
			);
			runOnlyForDeploymentPostprocessing = 0;
		};
/* End PBXFrameworksBuildPhase section */

/* Begin PBXGroup section */
		4875CCA7293EAB9E00A6FEDC /* Discover */ = {
			isa = PBXGroup;
			children = (
				4895AC2F293C1C98002E874C /* DiscoverView.swift */,
				4875CCA8293EAF4300A6FEDC /* PopularDestinationsView.swift */,
				4875CCAA293EAF9400A6FEDC /* PopularRestaurantsView.swift */,
				4875CCAC293EAFD100A6FEDC /* TrendingCreatorsView.swift */,
				4875CCAE293EB16200A6FEDC /* DiscoverCategoriesView.swift */,
			);
			path = Discover;
			sourceTree = "<group>";
		};
		4875CCB0293EB23B00A6FEDC /* Models */ = {
			isa = PBXGroup;
			children = (
				4875CCB1293EB24700A6FEDC /* Destination.swift */,
				4875CCB3293EB25D00A6FEDC /* Restaurant.swift */,
				4875CCB5293EB27500A6FEDC /* User.swift */,
				4875CCB7293EB29E00A6FEDC /* Category.swift */,
			);
			path = Models;
			sourceTree = "<group>";
		};
		4875CCB9293EBA1A00A6FEDC /* Utils */ = {
			isa = PBXGroup;
			children = (
				4875CCBA293EBA2D00A6FEDC /* TileModifier.swift */,
			);
			path = Utils;
			sourceTree = "<group>";
		};
		4895AC21293C1C98002E874C = {
			isa = PBXGroup;
			children = (
				4895AC2C293C1C98002E874C /* TravelDiscovery */,
				4895AC3D293C1C9B002E874C /* TravelDiscoveryTests */,
				4895AC47293C1C9B002E874C /* TravelDiscoveryUITests */,
				4895AC2B293C1C98002E874C /* Products */,
			);
			sourceTree = "<group>";
		};
		4895AC2B293C1C98002E874C /* Products */ = {
			isa = PBXGroup;
			children = (
				4895AC2A293C1C98002E874C /* TravelDiscovery.app */,
				4895AC3A293C1C9B002E874C /* TravelDiscoveryTests.xctest */,
				4895AC44293C1C9B002E874C /* TravelDiscoveryUITests.xctest */,
			);
			name = Products;
			sourceTree = "<group>";
		};
		4895AC2C293C1C98002E874C /* TravelDiscovery */ = {
			isa = PBXGroup;
			children = (
				4875CCB9293EBA1A00A6FEDC /* Utils */,
				4875CCB0293EB23B00A6FEDC /* Models */,
				4875CCA7293EAB9E00A6FEDC /* Discover */,
				4895AC2D293C1C98002E874C /* TravelDiscoveryApp.swift */,
				4895AC31293C1C9B002E874C /* Assets.xcassets */,
				4895AC33293C1C9B002E874C /* Preview Content */,
			);
			path = TravelDiscovery;
			sourceTree = "<group>";
		};
		4895AC33293C1C9B002E874C /* Preview Content */ = {
			isa = PBXGroup;
			children = (
				4895AC34293C1C9B002E874C /* Preview Assets.xcassets */,
			);
			path = "Preview Content";
			sourceTree = "<group>";
		};
		4895AC3D293C1C9B002E874C /* TravelDiscoveryTests */ = {
			isa = PBXGroup;
			children = (
				4895AC3E293C1C9B002E874C /* TravelDiscoveryTests.swift */,
			);
			path = TravelDiscoveryTests;
			sourceTree = "<group>";
		};
		4895AC47293C1C9B002E874C /* TravelDiscoveryUITests */ = {
			isa = PBXGroup;
			children = (
				4895AC48293C1C9B002E874C /* TravelDiscoveryUITests.swift */,
				4895AC4A293C1C9B002E874C /* TravelDiscoveryUITestsLaunchTests.swift */,
			);
			path = TravelDiscoveryUITests;
			sourceTree = "<group>";
		};
/* End PBXGroup section */

/* Begin PBXNativeTarget section */
		4895AC29293C1C98002E874C /* TravelDiscovery */ = {
			isa = PBXNativeTarget;
			buildConfigurationList = 4895AC4E293C1C9B002E874C /* Build configuration list for PBXNativeTarget "TravelDiscovery" */;
			buildPhases = (
				4895AC26293C1C98002E874C /* Sources */,
				4895AC27293C1C98002E874C /* Frameworks */,
				4895AC28293C1C98002E874C /* Resources */,
			);
			buildRules = (
			);
			dependencies = (
			);
			name = TravelDiscovery;
			productName = TravelDiscovery;
			productReference = 4895AC2A293C1C98002E874C /* TravelDiscovery.app */;
			productType = "com.apple.product-type.application";
		};
		4895AC39293C1C9B002E874C /* TravelDiscoveryTests */ = {
			isa = PBXNativeTarget;
			buildConfigurationList = 4895AC51293C1C9B002E874C /* Build configuration list for PBXNativeTarget "TravelDiscoveryTests" */;
			buildPhases = (
				4895AC36293C1C9B002E874C /* Sources */,
				4895AC37293C1C9B002E874C /* Frameworks */,
				4895AC38293C1C9B002E874C /* Resources */,
			);
			buildRules = (
			);
			dependencies = (
				4895AC3C293C1C9B002E874C /* PBXTargetDependency */,
			);
			name = TravelDiscoveryTests;
			productName = TravelDiscoveryTests;
			productReference = 4895AC3A293C1C9B002E874C /* TravelDiscoveryTests.xctest */;
			productType = "com.apple.product-type.bundle.unit-test";
		};
		4895AC43293C1C9B002E874C /* TravelDiscoveryUITests */ = {
			isa = PBXNativeTarget;
			buildConfigurationList = 4895AC54293C1C9B002E874C /* Build configuration list for PBXNativeTarget "TravelDiscoveryUITests" */;
			buildPhases = (
				4895AC40293C1C9B002E874C /* Sources */,
				4895AC41293C1C9B002E874C /* Frameworks */,
				4895AC42293C1C9B002E874C /* Resources */,
			);
			buildRules = (
			);
			dependencies = (
				4895AC46293C1C9B002E874C /* PBXTargetDependency */,
			);
			name = TravelDiscoveryUITests;
			productName = TravelDiscoveryUITests;
			productReference = 4895AC44293C1C9B002E874C /* TravelDiscoveryUITests.xctest */;
			productType = "com.apple.product-type.bundle.ui-testing";
		};
/* End PBXNativeTarget section */

/* Begin PBXProject section */
		4895AC22293C1C98002E874C /* Project object */ = {
			isa = PBXProject;
			attributes = {
				BuildIndependentTargetsInParallel = 1;
				LastSwiftUpdateCheck = 1330;
				LastUpgradeCheck = 1330;
				TargetAttributes = {
					4895AC29293C1C98002E874C = {
						CreatedOnToolsVersion = 13.3.1;
					};
					4895AC39293C1C9B002E874C = {
						CreatedOnToolsVersion = 13.3.1;
						TestTargetID = 4895AC29293C1C98002E874C;
					};
					4895AC43293C1C9B002E874C = {
						CreatedOnToolsVersion = 13.3.1;
						TestTargetID = 4895AC29293C1C98002E874C;
					};
				};
			};
			buildConfigurationList = 4895AC25293C1C98002E874C /* Build configuration list for PBXProject "TravelDiscovery" */;
			compatibilityVersion = "Xcode 13.0";
			developmentRegion = en;
			hasScannedForEncodings = 0;
			knownRegions = (
				en,
				Base,
			);
			mainGroup = 4895AC21293C1C98002E874C;
			productRefGroup = 4895AC2B293C1C98002E874C /* Products */;
			projectDirPath = "";
			projectRoot = "";
			targets = (
				4895AC29293C1C98002E874C /* TravelDiscovery */,
				4895AC39293C1C9B002E874C /* TravelDiscoveryTests */,
				4895AC43293C1C9B002E874C /* TravelDiscoveryUITests */,
			);
		};
/* End PBXProject section */

/* Begin PBXResourcesBuildPhase section */
		4895AC28293C1C98002E874C /* Resources */ = {
			isa = PBXResourcesBuildPhase;
			buildActionMask = 2147483647;
			files = (
				4895AC35293C1C9B002E874C /* Preview Assets.xcassets in Resources */,
				4895AC32293C1C9B002E874C /* Assets.xcassets in Resources */,
			);
			runOnlyForDeploymentPostprocessing = 0;
		};
		4895AC38293C1C9B002E874C /* Resources */ = {
			isa = PBXResourcesBuildPhase;
			buildActionMask = 2147483647;
			files = (
			);
			runOnlyForDeploymentPostprocessing = 0;
		};
		4895AC42293C1C9B002E874C /* Resources */ = {
			isa = PBXResourcesBuildPhase;
			buildActionMask = 2147483647;
			files = (
			);
			runOnlyForDeploymentPostprocessing = 0;
		};
/* End PBXResourcesBuildPhase section */

/* Begin PBXSourcesBuildPhase section */
		4895AC26293C1C98002E874C /* Sources */ = {
			isa = PBXSourcesBuildPhase;
			buildActionMask = 2147483647;
			files = (
				4875CCAD293EAFD100A6FEDC /* TrendingCreatorsView.swift in Sources */,
				4875CCBB293EBA2D00A6FEDC /* TileModifier.swift in Sources */,
				4875CCB8293EB29E00A6FEDC /* Category.swift in Sources */,
				4875CCA9293EAF4400A6FEDC /* PopularDestinationsView.swift in Sources */,
				4875CCAB293EAF9400A6FEDC /* PopularRestaurantsView.swift in Sources */,
				4895AC30293C1C98002E874C /* DiscoverView.swift in Sources */,
				4875CCB4293EB25D00A6FEDC /* Restaurant.swift in Sources */,
				4875CCB6293EB27500A6FEDC /* User.swift in Sources */,
				4895AC2E293C1C98002E874C /* TravelDiscoveryApp.swift in Sources */,
				4875CCAF293EB16200A6FEDC /* DiscoverCategoriesView.swift in Sources */,
				4875CCB2293EB24700A6FEDC /* Destination.swift in Sources */,
			);
			runOnlyForDeploymentPostprocessing = 0;
		};
		4895AC36293C1C9B002E874C /* Sources */ = {
			isa = PBXSourcesBuildPhase;
			buildActionMask = 2147483647;
			files = (
				4895AC3F293C1C9B002E874C /* TravelDiscoveryTests.swift in Sources */,
			);
			runOnlyForDeploymentPostprocessing = 0;
		};
		4895AC40293C1C9B002E874C /* Sources */ = {
			isa = PBXSourcesBuildPhase;
			buildActionMask = 2147483647;
			files = (
				4895AC49293C1C9B002E874C /* TravelDiscoveryUITests.swift in Sources */,
				4895AC4B293C1C9B002E874C /* TravelDiscoveryUITestsLaunchTests.swift in Sources */,
			);
			runOnlyForDeploymentPostprocessing = 0;
		};
/* End PBXSourcesBuildPhase section */

/* Begin PBXTargetDependency section */
		4895AC3C293C1C9B002E874C /* PBXTargetDependency */ = {
			isa = PBXTargetDependency;
			target = 4895AC29293C1C98002E874C /* TravelDiscovery */;
			targetProxy = 4895AC3B293C1C9B002E874C /* PBXContainerItemProxy */;
		};
		4895AC46293C1C9B002E874C /* PBXTargetDependency */ = {
			isa = PBXTargetDependency;
			target = 4895AC29293C1C98002E874C /* TravelDiscovery */;
			targetProxy = 4895AC45293C1C9B002E874C /* PBXContainerItemProxy */;
		};
/* End PBXTargetDependency section */

/* Begin XCBuildConfiguration section */
		4895AC4C293C1C9B002E874C /* Debug */ = {
			isa = XCBuildConfiguration;
			buildSettings = {
				ALWAYS_SEARCH_USER_PATHS = NO;
				CLANG_ANALYZER_NONNULL = YES;
				CLANG_ANALYZER_NUMBER_OBJECT_CONVERSION = YES_AGGRESSIVE;
				CLANG_CXX_LANGUAGE_STANDARD = "gnu++17";
				CLANG_ENABLE_MODULES = YES;
				CLANG_ENABLE_OBJC_ARC = YES;
				CLANG_ENABLE_OBJC_WEAK = YES;
				CLANG_WARN_BLOCK_CAPTURE_AUTORELEASING = YES;
				CLANG_WARN_BOOL_CONVERSION = YES;
				CLANG_WARN_COMMA = YES;
				CLANG_WARN_CONSTANT_CONVERSION = YES;
				CLANG_WARN_DEPRECATED_OBJC_IMPLEMENTATIONS = YES;
				CLANG_WARN_DIRECT_OBJC_ISA_USAGE = YES_ERROR;
				CLANG_WARN_DOCUMENTATION_COMMENTS = YES;
				CLANG_WARN_EMPTY_BODY = YES;
				CLANG_WARN_ENUM_CONVERSION = YES;
				CLANG_WARN_INFINITE_RECURSION = YES;
				CLANG_WARN_INT_CONVERSION = YES;
				CLANG_WARN_NON_LITERAL_NULL_CONVERSION = YES;
				CLANG_WARN_OBJC_IMPLICIT_RETAIN_SELF = YES;
				CLANG_WARN_OBJC_LITERAL_CONVERSION = YES;
				CLANG_WARN_OBJC_ROOT_CLASS = YES_ERROR;
				CLANG_WARN_QUOTED_INCLUDE_IN_FRAMEWORK_HEADER = YES;
				CLANG_WARN_RANGE_LOOP_ANALYSIS = YES;
				CLANG_WARN_STRICT_PROTOTYPES = YES;
				CLANG_WARN_SUSPICIOUS_MOVE = YES;
				CLANG_WARN_UNGUARDED_AVAILABILITY = YES_AGGRESSIVE;
				CLANG_WARN_UNREACHABLE_CODE = YES;
				CLANG_WARN__DUPLICATE_METHOD_MATCH = YES;
				COPY_PHASE_STRIP = NO;
				DEBUG_INFORMATION_FORMAT = dwarf;
				ENABLE_STRICT_OBJC_MSGSEND = YES;
				ENABLE_TESTABILITY = YES;
				GCC_C_LANGUAGE_STANDARD = gnu11;
				GCC_DYNAMIC_NO_PIC = NO;
				GCC_NO_COMMON_BLOCKS = YES;
				GCC_OPTIMIZATION_LEVEL = 0;
				GCC_PREPROCESSOR_DEFINITIONS = (
					"DEBUG=1",
					"$(inherited)",
				);
				GCC_WARN_64_TO_32_BIT_CONVERSION = YES;
				GCC_WARN_ABOUT_RETURN_TYPE = YES_ERROR;
				GCC_WARN_UNDECLARED_SELECTOR = YES;
				GCC_WARN_UNINITIALIZED_AUTOS = YES_AGGRESSIVE;
				GCC_WARN_UNUSED_FUNCTION = YES;
				GCC_WARN_UNUSED_VARIABLE = YES;
				IPHONEOS_DEPLOYMENT_TARGET = 15.4;
				MTL_ENABLE_DEBUG_INFO = INCLUDE_SOURCE;
				MTL_FAST_MATH = YES;
				ONLY_ACTIVE_ARCH = YES;
				SDKROOT = iphoneos;
				SWIFT_ACTIVE_COMPILATION_CONDITIONS = DEBUG;
				SWIFT_OPTIMIZATION_LEVEL = "-Onone";
			};
			name = Debug;
		};
		4895AC4D293C1C9B002E874C /* Release */ = {
			isa = XCBuildConfiguration;
			buildSettings = {
				ALWAYS_SEARCH_USER_PATHS = NO;
				CLANG_ANALYZER_NONNULL = YES;
				CLANG_ANALYZER_NUMBER_OBJECT_CONVERSION = YES_AGGRESSIVE;
				CLANG_CXX_LANGUAGE_STANDARD = "gnu++17";
				CLANG_ENABLE_MODULES = YES;
				CLANG_ENABLE_OBJC_ARC = YES;
				CLANG_ENABLE_OBJC_WEAK = YES;
				CLANG_WARN_BLOCK_CAPTURE_AUTORELEASING = YES;
				CLANG_WARN_BOOL_CONVERSION = YES;
				CLANG_WARN_COMMA = YES;
				CLANG_WARN_CONSTANT_CONVERSION = YES;
				CLANG_WARN_DEPRECATED_OBJC_IMPLEMENTATIONS = YES;
				CLANG_WARN_DIRECT_OBJC_ISA_USAGE = YES_ERROR;
				CLANG_WARN_DOCUMENTATION_COMMENTS = YES;
				CLANG_WARN_EMPTY_BODY = YES;
				CLANG_WARN_ENUM_CONVERSION = YES;
				CLANG_WARN_INFINITE_RECURSION = YES;
				CLANG_WARN_INT_CONVERSION = YES;
				CLANG_WARN_NON_LITERAL_NULL_CONVERSION = YES;
				CLANG_WARN_OBJC_IMPLICIT_RETAIN_SELF = YES;
				CLANG_WARN_OBJC_LITERAL_CONVERSION = YES;
				CLANG_WARN_OBJC_ROOT_CLASS = YES_ERROR;
				CLANG_WARN_QUOTED_INCLUDE_IN_FRAMEWORK_HEADER = YES;
				CLANG_WARN_RANGE_LOOP_ANALYSIS = YES;
				CLANG_WARN_STRICT_PROTOTYPES = YES;
				CLANG_WARN_SUSPICIOUS_MOVE = YES;
				CLANG_WARN_UNGUARDED_AVAILABILITY = YES_AGGRESSIVE;
				CLANG_WARN_UNREACHABLE_CODE = YES;
				CLANG_WARN__DUPLICATE_METHOD_MATCH = YES;
				COPY_PHASE_STRIP = NO;
				DEBUG_INFORMATION_FORMAT = "dwarf-with-dsym";
				ENABLE_NS_ASSERTIONS = NO;
				ENABLE_STRICT_OBJC_MSGSEND = YES;
				GCC_C_LANGUAGE_STANDARD = gnu11;
				GCC_NO_COMMON_BLOCKS = YES;
				GCC_WARN_64_TO_32_BIT_CONVERSION = YES;
				GCC_WARN_ABOUT_RETURN_TYPE = YES_ERROR;
				GCC_WARN_UNDECLARED_SELECTOR = YES;
				GCC_WARN_UNINITIALIZED_AUTOS = YES_AGGRESSIVE;
				GCC_WARN_UNUSED_FUNCTION = YES;
				GCC_WARN_UNUSED_VARIABLE = YES;
				IPHONEOS_DEPLOYMENT_TARGET = 15.4;
				MTL_ENABLE_DEBUG_INFO = NO;
				MTL_FAST_MATH = YES;
				SDKROOT = iphoneos;
				SWIFT_COMPILATION_MODE = wholemodule;
				SWIFT_OPTIMIZATION_LEVEL = "-O";
				VALIDATE_PRODUCT = YES;
			};
			name = Release;
		};
		4895AC4F293C1C9B002E874C /* Debug */ = {
			isa = XCBuildConfiguration;
			buildSettings = {
				ASSETCATALOG_COMPILER_APPICON_NAME = AppIcon;
				ASSETCATALOG_COMPILER_GLOBAL_ACCENT_COLOR_NAME = AccentColor;
				CODE_SIGN_STYLE = Automatic;
				CURRENT_PROJECT_VERSION = 1;
				DEVELOPMENT_ASSET_PATHS = "\"TravelDiscovery/Preview Content\"";
				ENABLE_PREVIEWS = YES;
				GENERATE_INFOPLIST_FILE = YES;
				INFOPLIST_KEY_UIApplicationSceneManifest_Generation = YES;
				INFOPLIST_KEY_UIApplicationSupportsIndirectInputEvents = YES;
				INFOPLIST_KEY_UILaunchScreen_Generation = YES;
				INFOPLIST_KEY_UISupportedInterfaceOrientations_iPad = "UIInterfaceOrientationPortrait UIInterfaceOrientationPortraitUpsideDown UIInterfaceOrientationLandscapeLeft UIInterfaceOrientationLandscapeRight";
				INFOPLIST_KEY_UISupportedInterfaceOrientations_iPhone = "UIInterfaceOrientationPortrait UIInterfaceOrientationLandscapeLeft UIInterfaceOrientationLandscapeRight";
				LD_RUNPATH_SEARCH_PATHS = (
					"$(inherited)",
					"@executable_path/Frameworks",
				);
				MARKETING_VERSION = 1.0;
				PRODUCT_BUNDLE_IDENTIFIER = com.omarthamri.TravelDiscovery;
				PRODUCT_NAME = "$(TARGET_NAME)";
				SWIFT_EMIT_LOC_STRINGS = YES;
				SWIFT_VERSION = 5.0;
				TARGETED_DEVICE_FAMILY = "1,2";
			};
			name = Debug;
		};
		4895AC50293C1C9B002E874C /* Release */ = {
			isa = XCBuildConfiguration;
			buildSettings = {
				ASSETCATALOG_COMPILER_APPICON_NAME = AppIcon;
				ASSETCATALOG_COMPILER_GLOBAL_ACCENT_COLOR_NAME = AccentColor;
				CODE_SIGN_STYLE = Automatic;
				CURRENT_PROJECT_VERSION = 1;
				DEVELOPMENT_ASSET_PATHS = "\"TravelDiscovery/Preview Content\"";
				ENABLE_PREVIEWS = YES;
				GENERATE_INFOPLIST_FILE = YES;
				INFOPLIST_KEY_UIApplicationSceneManifest_Generation = YES;
				INFOPLIST_KEY_UIApplicationSupportsIndirectInputEvents = YES;
				INFOPLIST_KEY_UILaunchScreen_Generation = YES;
				INFOPLIST_KEY_UISupportedInterfaceOrientations_iPad = "UIInterfaceOrientationPortrait UIInterfaceOrientationPortraitUpsideDown UIInterfaceOrientationLandscapeLeft UIInterfaceOrientationLandscapeRight";
				INFOPLIST_KEY_UISupportedInterfaceOrientations_iPhone = "UIInterfaceOrientationPortrait UIInterfaceOrientationLandscapeLeft UIInterfaceOrientationLandscapeRight";
				LD_RUNPATH_SEARCH_PATHS = (
					"$(inherited)",
					"@executable_path/Frameworks",
				);
				MARKETING_VERSION = 1.0;
				PRODUCT_BUNDLE_IDENTIFIER = com.omarthamri.TravelDiscovery;
				PRODUCT_NAME = "$(TARGET_NAME)";
				SWIFT_EMIT_LOC_STRINGS = YES;
				SWIFT_VERSION = 5.0;
				TARGETED_DEVICE_FAMILY = "1,2";
			};
			name = Release;
		};
		4895AC52293C1C9B002E874C /* Debug */ = {
			isa = XCBuildConfiguration;
			buildSettings = {
				ALWAYS_EMBED_SWIFT_STANDARD_LIBRARIES = YES;
				BUNDLE_LOADER = "$(TEST_HOST)";
				CODE_SIGN_STYLE = Automatic;
				CURRENT_PROJECT_VERSION = 1;
				GENERATE_INFOPLIST_FILE = YES;
				IPHONEOS_DEPLOYMENT_TARGET = 15.4;
				MARKETING_VERSION = 1.0;
				PRODUCT_BUNDLE_IDENTIFIER = com.omarthamri.TravelDiscoveryTests;
				PRODUCT_NAME = "$(TARGET_NAME)";
				SWIFT_EMIT_LOC_STRINGS = NO;
				SWIFT_VERSION = 5.0;
				TARGETED_DEVICE_FAMILY = "1,2";
				TEST_HOST = "$(BUILT_PRODUCTS_DIR)/TravelDiscovery.app/TravelDiscovery";
			};
			name = Debug;
		};
		4895AC53293C1C9B002E874C /* Release */ = {
			isa = XCBuildConfiguration;
			buildSettings = {
				ALWAYS_EMBED_SWIFT_STANDARD_LIBRARIES = YES;
				BUNDLE_LOADER = "$(TEST_HOST)";
				CODE_SIGN_STYLE = Automatic;
				CURRENT_PROJECT_VERSION = 1;
				GENERATE_INFOPLIST_FILE = YES;
				IPHONEOS_DEPLOYMENT_TARGET = 15.4;
				MARKETING_VERSION = 1.0;
				PRODUCT_BUNDLE_IDENTIFIER = com.omarthamri.TravelDiscoveryTests;
				PRODUCT_NAME = "$(TARGET_NAME)";
				SWIFT_EMIT_LOC_STRINGS = NO;
				SWIFT_VERSION = 5.0;
				TARGETED_DEVICE_FAMILY = "1,2";
				TEST_HOST = "$(BUILT_PRODUCTS_DIR)/TravelDiscovery.app/TravelDiscovery";
			};
			name = Release;
		};
		4895AC55293C1C9B002E874C /* Debug */ = {
			isa = XCBuildConfiguration;
			buildSettings = {
				ALWAYS_EMBED_SWIFT_STANDARD_LIBRARIES = YES;
				CODE_SIGN_STYLE = Automatic;
				CURRENT_PROJECT_VERSION = 1;
				GENERATE_INFOPLIST_FILE = YES;
				MARKETING_VERSION = 1.0;
				PRODUCT_BUNDLE_IDENTIFIER = com.omarthamri.TravelDiscoveryUITests;
				PRODUCT_NAME = "$(TARGET_NAME)";
				SWIFT_EMIT_LOC_STRINGS = NO;
				SWIFT_VERSION = 5.0;
				TARGETED_DEVICE_FAMILY = "1,2";
				TEST_TARGET_NAME = TravelDiscovery;
			};
			name = Debug;
		};
		4895AC56293C1C9B002E874C /* Release */ = {
			isa = XCBuildConfiguration;
			buildSettings = {
				ALWAYS_EMBED_SWIFT_STANDARD_LIBRARIES = YES;
				CODE_SIGN_STYLE = Automatic;
				CURRENT_PROJECT_VERSION = 1;
				GENERATE_INFOPLIST_FILE = YES;
				MARKETING_VERSION = 1.0;
				PRODUCT_BUNDLE_IDENTIFIER = com.omarthamri.TravelDiscoveryUITests;
				PRODUCT_NAME = "$(TARGET_NAME)";
				SWIFT_EMIT_LOC_STRINGS = NO;
				SWIFT_VERSION = 5.0;
				TARGETED_DEVICE_FAMILY = "1,2";
				TEST_TARGET_NAME = TravelDiscovery;
			};
			name = Release;
		};
/* End XCBuildConfiguration section */

/* Begin XCConfigurationList section */
		4895AC25293C1C98002E874C /* Build configuration list for PBXProject "TravelDiscovery" */ = {
			isa = XCConfigurationList;
			buildConfigurations = (
				4895AC4C293C1C9B002E874C /* Debug */,
				4895AC4D293C1C9B002E874C /* Release */,
			);
			defaultConfigurationIsVisible = 0;
			defaultConfigurationName = Release;
		};
		4895AC4E293C1C9B002E874C /* Build configuration list for PBXNativeTarget "TravelDiscovery" */ = {
			isa = XCConfigurationList;
			buildConfigurations = (
				4895AC4F293C1C9B002E874C /* Debug */,
				4895AC50293C1C9B002E874C /* Release */,
			);
			defaultConfigurationIsVisible = 0;
			defaultConfigurationName = Release;
		};
		4895AC51293C1C9B002E874C /* Build configuration list for PBXNativeTarget "TravelDiscoveryTests" */ = {
			isa = XCConfigurationList;
			buildConfigurations = (
				4895AC52293C1C9B002E874C /* Debug */,
				4895AC53293C1C9B002E874C /* Release */,
			);
			defaultConfigurationIsVisible = 0;
			defaultConfigurationName = Release;
		};
		4895AC54293C1C9B002E874C /* Build configuration list for PBXNativeTarget "TravelDiscoveryUITests" */ = {
			isa = XCConfigurationList;
			buildConfigurations = (
				4895AC55293C1C9B002E874C /* Debug */,
				4895AC56293C1C9B002E874C /* Release */,
			);
			defaultConfigurationIsVisible = 0;
			defaultConfigurationName = Release;
		};
/* End XCConfigurationList section */
	};
	rootObject = 4895AC22293C1C98002E874C /* Project object */;
}
